
Microsoft Visual Studio Solution File, Format Version 12.00
# Visual Studio Version 17
VisualStudioVersion = 17.10.34928.147
MinimumVisualStudioVersion = 10.0.40219.1
Project("{9A19103F-16F7-4668-BE54-9A1E7A4F7556}") = "Employee", "Employee\Employee.csproj", "{CC33B74A-F21A-41C4-A0D4-BB02065C88A2}"
EndProject
Project("{9A19103F-16F7-4668-BE54-9A1E7A4F7556}") = "Employee.Test", "Employee.Test\Employee.Test.csproj", "{AE70FA2A-7A1D-4ACA-BDF8-D808DCE36E9A}"
EndProject
Project("{FAE04EC0-301F-11D3-BF4B-00C04F79EFBC}") = "Application Layer", "Application Layer\Application Layer.csproj", "{A02246FF-66F9-4677-8E42-149202BF1079}"
EndProject
Project("{FAE04EC0-301F-11D3-BF4B-00C04F79EFBC}") = "Domain Layer", "Domain Layer\Domain Layer.csproj", "{CA5EFB90-3F48-47DA-B925-58DD189AC053}"
EndProject
Global
	GlobalSection(SolutionConfigurationPlatforms) = preSolution
		Debug|Any CPU = Debug|Any CPU
		Release|Any CPU = Release|Any CPU
	EndGlobalSection
	GlobalSection(ProjectConfigurationPlatforms) = postSolution
		{CC33B74A-F21A-41C4-A0D4-BB02065C88A2}.Debug|Any CPU.ActiveCfg = Debug|Any CPU
		{CC33B74A-F21A-41C4-A0D4-BB02065C88A2}.Debug|Any CPU.Build.0 = Debug|Any CPU
		{CC33B74A-F21A-41C4-A0D4-BB02065C88A2}.Release|Any CPU.ActiveCfg = Release|Any CPU
		{CC33B74A-F21A-41C4-A0D4-BB02065C88A2}.Release|Any CPU.Build.0 = Release|Any CPU
		{AE70FA2A-7A1D-4ACA-BDF8-D808DCE36E9A}.Debug|Any CPU.ActiveCfg = Debug|Any CPU
		{AE70FA2A-7A1D-4ACA-BDF8-D808DCE36E9A}.Debug|Any CPU.Build.0 = Debug|Any CPU
		{AE70FA2A-7A1D-4ACA-BDF8-D808DCE36E9A}.Release|Any CPU.ActiveCfg = Release|Any CPU
		{AE70FA2A-7A1D-4ACA-BDF8-D808DCE36E9A}.Release|Any CPU.Build.0 = Release|Any CPU
		{A02246FF-66F9-4677-8E42-149202BF1079}.Debug|Any CPU.ActiveCfg = Debug|Any CPU
		{A02246FF-66F9-4677-8E42-149202BF1079}.Debug|Any CPU.Build.0 = Debug|Any CPU
		{A02246FF-66F9-4677-8E42-149202BF1079}.Release|Any CPU.ActiveCfg = Release|Any CPU
		{A02246FF-66F9-4677-8E42-149202BF1079}.Release|Any CPU.Build.0 = Release|Any CPU
		{CA5EFB90-3F48-47DA-B925-58DD189AC053}.Debug|Any CPU.ActiveCfg = Debug|Any CPU
		{CA5EFB90-3F48-47DA-B925-58DD189AC053}.Debug|Any CPU.Build.0 = Debug|Any CPU
		{CA5EFB90-3F48-47DA-B925-58DD189AC053}.Release|Any CPU.ActiveCfg = Release|Any CPU
		{CA5EFB90-3F48-47DA-B925-58DD189AC053}.Release|Any CPU.Build.0 = Release|Any CPU
	EndGlobalSection
	GlobalSection(SolutionProperties) = preSolution
		HideSolutionNode = FALSE
	EndGlobalSection
	GlobalSection(ExtensibilityGlobals) = postSolution
		SolutionGuid = {A54F6C55-F115-404F-BC2C-5773F5859D1C}
	EndGlobalSection
EndGlobal
