
Microsoft Visual Studio Solution File, Format Version 12.00
# Visual Studio Version 17
VisualStudioVersion = 17.10.34928.147
MinimumVisualStudioVersion = 10.0.40219.1
Project("{FAE04EC0-301F-11D3-BF4B-00C04F79EFBC}") = "SHG", "SHG\SHG.csproj", "{7B1DB9CD-E881-4227-8610-B4C270386B8A}"
EndProject
Global
	GlobalSection(SolutionConfigurationPlatforms) = preSolution
		Debug|Any CPU = Debug|Any CPU
		Release|Any CPU = Release|Any CPU
	EndGlobalSection
	GlobalSection(ProjectConfigurationPlatforms) = postSolution
		{7B1DB9CD-E881-4227-8610-B4C270386B8A}.Debug|Any CPU.ActiveCfg = Debug|Any CPU
		{7B1DB9CD-E881-4227-8610-B4C270386B8A}.Debug|Any CPU.Build.0 = Debug|Any CPU
		{7B1DB9CD-E881-4227-8610-B4C270386B8A}.Release|Any CPU.ActiveCfg = Release|Any CPU
		{7B1DB9CD-E881-4227-8610-B4C270386B8A}.Release|Any CPU.Build.0 = Release|Any CPU
	EndGlobalSection
	GlobalSection(SolutionProperties) = preSolution
		HideSolutionNode = FALSE
	EndGlobalSection
	GlobalSection(ExtensibilityGlobals) = postSolution
		SolutionGuid = {7FD9F68E-E1DF-437C-BD9A-85FBAFDCD562}
	EndGlobalSection
EndGlobal
