
Microsoft Visual Studio Solution File, Format Version 12.00
# Visual Studio Version 16
VisualStudioVersion = 16.0.30907.101
MinimumVisualStudioVersion = 10.0.40219.1
Project("{9A19103F-16F7-4668-BE54-9A1E7A4F7556}") = "FirstDay", "Test\FirstDay.csproj", "{ECDF2FD6-AE18-4546-A53A-A4287A766D29}"
EndProject
Global
	GlobalSection(SolutionConfigurationPlatforms) = preSolution
		Debug|Any CPU = Debug|Any CPU
		Release|Any CPU = Release|Any CPU
	EndGlobalSection
	GlobalSection(ProjectConfigurationPlatforms) = postSolution
		{ECDF2FD6-AE18-4546-A53A-A4287A766D29}.Debug|Any CPU.ActiveCfg = Debug|Any CPU
		{ECDF2FD6-AE18-4546-A53A-A4287A766D29}.Debug|Any CPU.Build.0 = Debug|Any CPU
		{ECDF2FD6-AE18-4546-A53A-A4287A766D29}.Release|Any CPU.ActiveCfg = Release|Any CPU
		{ECDF2FD6-AE18-4546-A53A-A4287A766D29}.Release|Any CPU.Build.0 = Release|Any CPU
	EndGlobalSection
	GlobalSection(SolutionProperties) = preSolution
		HideSolutionNode = FALSE
	EndGlobalSection
	GlobalSection(ExtensibilityGlobals) = postSolution
		SolutionGuid = {0C06601A-F62A-4A2C-92E7-7BF0014A2404}
	EndGlobalSection
EndGlobal
