
Microsoft Visual Studio Solution File, Format Version 12.00
# Visual Studio Version 16
VisualStudioVersion = 16.0.30907.101
MinimumVisualStudioVersion = 10.0.40219.1
Project("{9A19103F-16F7-4668-BE54-9A1E7A4F7556}") = "AngJS API", "AngJS API\AngJS API.csproj", "{009C2516-BA52-4EDF-9779-8238EAAE46FE}"
EndProject
Project("{9A19103F-16F7-4668-BE54-9A1E7A4F7556}") = "Domain Layer", "Domain Layer\Domain Layer.csproj", "{0E8168B1-42D8-4891-9247-E5F38E57427D}"
EndProject
Project("{FAE04EC0-301F-11D3-BF4B-00C04F79EFBC}") = "Infrastructure Layer", "Infrastructure Layer\Infrastructure Layer.csproj", "{F56ECBA1-372C-4BF6-BAA9-2BAFDF61E3E5}"
EndProject
Project("{FAE04EC0-301F-11D3-BF4B-00C04F79EFBC}") = "Application Layer", "Application Layer\Application Layer.csproj", "{08E3496A-DAD3-415B-B65A-705C726483F3}"
EndProject
Global
	GlobalSection(SolutionConfigurationPlatforms) = preSolution
		Debug|Any CPU = Debug|Any CPU
		Release|Any CPU = Release|Any CPU
	EndGlobalSection
	GlobalSection(ProjectConfigurationPlatforms) = postSolution
		{009C2516-BA52-4EDF-9779-8238EAAE46FE}.Debug|Any CPU.ActiveCfg = Debug|Any CPU
		{009C2516-BA52-4EDF-9779-8238EAAE46FE}.Debug|Any CPU.Build.0 = Debug|Any CPU
		{009C2516-BA52-4EDF-9779-8238EAAE46FE}.Release|Any CPU.ActiveCfg = Release|Any CPU
		{009C2516-BA52-4EDF-9779-8238EAAE46FE}.Release|Any CPU.Build.0 = Release|Any CPU
		{0E8168B1-42D8-4891-9247-E5F38E57427D}.Debug|Any CPU.ActiveCfg = Debug|Any CPU
		{0E8168B1-42D8-4891-9247-E5F38E57427D}.Debug|Any CPU.Build.0 = Debug|Any CPU
		{0E8168B1-42D8-4891-9247-E5F38E57427D}.Release|Any CPU.ActiveCfg = Release|Any CPU
		{0E8168B1-42D8-4891-9247-E5F38E57427D}.Release|Any CPU.Build.0 = Release|Any CPU
		{F56ECBA1-372C-4BF6-BAA9-2BAFDF61E3E5}.Debug|Any CPU.ActiveCfg = Debug|Any CPU
		{F56ECBA1-372C-4BF6-BAA9-2BAFDF61E3E5}.Debug|Any CPU.Build.0 = Debug|Any CPU
		{F56ECBA1-372C-4BF6-BAA9-2BAFDF61E3E5}.Release|Any CPU.ActiveCfg = Release|Any CPU
		{F56ECBA1-372C-4BF6-BAA9-2BAFDF61E3E5}.Release|Any CPU.Build.0 = Release|Any CPU
		{08E3496A-DAD3-415B-B65A-705C726483F3}.Debug|Any CPU.ActiveCfg = Debug|Any CPU
		{08E3496A-DAD3-415B-B65A-705C726483F3}.Debug|Any CPU.Build.0 = Debug|Any CPU
		{08E3496A-DAD3-415B-B65A-705C726483F3}.Release|Any CPU.ActiveCfg = Release|Any CPU
		{08E3496A-DAD3-415B-B65A-705C726483F3}.Release|Any CPU.Build.0 = Release|Any CPU
	EndGlobalSection
	GlobalSection(SolutionProperties) = preSolution
		HideSolutionNode = FALSE
	EndGlobalSection
	GlobalSection(ExtensibilityGlobals) = postSolution
		SolutionGuid = {92348F1B-7E68-4332-AD0A-449CEE041945}
	EndGlobalSection
EndGlobal
