
Microsoft Visual Studio Solution File, Format Version 12.00
# Visual Studio Version 17
VisualStudioVersion = 17.10.34928.147
MinimumVisualStudioVersion = 10.0.40219.1
Project("{FAE04EC0-301F-11D3-BF4B-00C04F79EFBC}") = "DapperMultipleTableCRUD", "DapperMultipleTableCRUD\DapperMultipleTableCRUD.csproj", "{355B92FB-FBC5-411E-87AF-594AFD73F444}"
EndProject
Project("{FAE04EC0-301F-11D3-BF4B-00C04F79EFBC}") = "ApplicationLayer", "ApplicationLayer\ApplicationLayer.csproj", "{11622038-0F9C-45B8-927C-F5639487DAEF}"
EndProject
Project("{FAE04EC0-301F-11D3-BF4B-00C04F79EFBC}") = "DomainLayer", "DomainLayer\DomainLayer.csproj", "{79FC3172-1A1D-4A40-8F6B-1902F845F569}"
EndProject
Project("{FAE04EC0-301F-11D3-BF4B-00C04F79EFBC}") = "InfrastructureLayer", "InfrastructureLayer\InfrastructureLayer.csproj", "{17EC1921-98EC-41BB-B0A3-D178A34C7A13}"
EndProject
Global
	GlobalSection(SolutionConfigurationPlatforms) = preSolution
		Debug|Any CPU = Debug|Any CPU
		Release|Any CPU = Release|Any CPU
	EndGlobalSection
	GlobalSection(ProjectConfigurationPlatforms) = postSolution
		{355B92FB-FBC5-411E-87AF-594AFD73F444}.Debug|Any CPU.ActiveCfg = Debug|Any CPU
		{355B92FB-FBC5-411E-87AF-594AFD73F444}.Debug|Any CPU.Build.0 = Debug|Any CPU
		{355B92FB-FBC5-411E-87AF-594AFD73F444}.Release|Any CPU.ActiveCfg = Release|Any CPU
		{355B92FB-FBC5-411E-87AF-594AFD73F444}.Release|Any CPU.Build.0 = Release|Any CPU
		{11622038-0F9C-45B8-927C-F5639487DAEF}.Debug|Any CPU.ActiveCfg = Debug|Any CPU
		{11622038-0F9C-45B8-927C-F5639487DAEF}.Debug|Any CPU.Build.0 = Debug|Any CPU
		{11622038-0F9C-45B8-927C-F5639487DAEF}.Release|Any CPU.ActiveCfg = Release|Any CPU
		{11622038-0F9C-45B8-927C-F5639487DAEF}.Release|Any CPU.Build.0 = Release|Any CPU
		{79FC3172-1A1D-4A40-8F6B-1902F845F569}.Debug|Any CPU.ActiveCfg = Debug|Any CPU
		{79FC3172-1A1D-4A40-8F6B-1902F845F569}.Debug|Any CPU.Build.0 = Debug|Any CPU
		{79FC3172-1A1D-4A40-8F6B-1902F845F569}.Release|Any CPU.ActiveCfg = Release|Any CPU
		{79FC3172-1A1D-4A40-8F6B-1902F845F569}.Release|Any CPU.Build.0 = Release|Any CPU
		{17EC1921-98EC-41BB-B0A3-D178A34C7A13}.Debug|Any CPU.ActiveCfg = Debug|Any CPU
		{17EC1921-98EC-41BB-B0A3-D178A34C7A13}.Debug|Any CPU.Build.0 = Debug|Any CPU
		{17EC1921-98EC-41BB-B0A3-D178A34C7A13}.Release|Any CPU.ActiveCfg = Release|Any CPU
		{17EC1921-98EC-41BB-B0A3-D178A34C7A13}.Release|Any CPU.Build.0 = Release|Any CPU
	EndGlobalSection
	GlobalSection(SolutionProperties) = preSolution
		HideSolutionNode = FALSE
	EndGlobalSection
	GlobalSection(ExtensibilityGlobals) = postSolution
		SolutionGuid = {9E131079-2CE7-4FEB-899B-3816373043BE}
	EndGlobalSection
EndGlobal
