
Microsoft Visual Studio Solution File, Format Version 12.00
# Visual Studio Version 17
VisualStudioVersion = 17.10.34928.147
MinimumVisualStudioVersion = 10.0.40219.1
Project("{FAE04EC0-301F-11D3-BF4B-00C04F79EFBC}") = "SHG2", "SHG2\SHG2.csproj", "{58F15890-0C4D-4BB1-9AFF-96394F17FFCC}"
EndProject
Project("{FAE04EC0-301F-11D3-BF4B-00C04F79EFBC}") = "DataAccess Layer", "DataAccess Layer\DataAccess Layer.csproj", "{8EEB8EF8-B826-4A41-B02D-2DB7B549D65B}"
EndProject
Project("{FAE04EC0-301F-11D3-BF4B-00C04F79EFBC}") = "Infrastructure Layer", "Infrastructure Layer\Infrastructure Layer.csproj", "{FA7A1077-A948-4431-8591-2631DDFD110D}"
EndProject
Global
	GlobalSection(SolutionConfigurationPlatforms) = preSolution
		Debug|Any CPU = Debug|Any CPU
		Release|Any CPU = Release|Any CPU
	EndGlobalSection
	GlobalSection(ProjectConfigurationPlatforms) = postSolution
		{58F15890-0C4D-4BB1-9AFF-96394F17FFCC}.Debug|Any CPU.ActiveCfg = Debug|Any CPU
		{58F15890-0C4D-4BB1-9AFF-96394F17FFCC}.Debug|Any CPU.Build.0 = Debug|Any CPU
		{58F15890-0C4D-4BB1-9AFF-96394F17FFCC}.Release|Any CPU.ActiveCfg = Release|Any CPU
		{58F15890-0C4D-4BB1-9AFF-96394F17FFCC}.Release|Any CPU.Build.0 = Release|Any CPU
		{8EEB8EF8-B826-4A41-B02D-2DB7B549D65B}.Debug|Any CPU.ActiveCfg = Debug|Any CPU
		{8EEB8EF8-B826-4A41-B02D-2DB7B549D65B}.Debug|Any CPU.Build.0 = Debug|Any CPU
		{8EEB8EF8-B826-4A41-B02D-2DB7B549D65B}.Release|Any CPU.ActiveCfg = Release|Any CPU
		{8EEB8EF8-B826-4A41-B02D-2DB7B549D65B}.Release|Any CPU.Build.0 = Release|Any CPU
		{FA7A1077-A948-4431-8591-2631DDFD110D}.Debug|Any CPU.ActiveCfg = Debug|Any CPU
		{FA7A1077-A948-4431-8591-2631DDFD110D}.Debug|Any CPU.Build.0 = Debug|Any CPU
		{FA7A1077-A948-4431-8591-2631DDFD110D}.Release|Any CPU.ActiveCfg = Release|Any CPU
		{FA7A1077-A948-4431-8591-2631DDFD110D}.Release|Any CPU.Build.0 = Release|Any CPU
	EndGlobalSection
	GlobalSection(SolutionProperties) = preSolution
		HideSolutionNode = FALSE
	EndGlobalSection
	GlobalSection(ExtensibilityGlobals) = postSolution
		SolutionGuid = {7565C733-60D0-49F3-9E39-E6475AE66823}
	EndGlobalSection
EndGlobal
