
Microsoft Visual Studio Solution File, Format Version 12.00
# Visual Studio Version 17
VisualStudioVersion = 17.10.34928.147
MinimumVisualStudioVersion = 10.0.40219.1
Project("{FAE04EC0-301F-11D3-BF4B-00C04F79EFBC}") = "ThreeTierPrac", "ThreeTierPrac\ThreeTierPrac.csproj", "{845F7F82-4048-49E2-ADC5-DB5FF1F63A21}"
EndProject
Project("{FAE04EC0-301F-11D3-BF4B-00C04F79EFBC}") = "BusinessLogicLayer", "BusinessLogicLayer\BusinessLogicLayer.csproj", "{6C4D5901-3D77-4F35-8099-600E6941D426}"
EndProject
Project("{FAE04EC0-301F-11D3-BF4B-00C04F79EFBC}") = "DataAccessLayer", "DataAccessLayer\DataAccessLayer.csproj", "{06229DAA-25D3-4C41-B9A7-49AD775C5D01}"
EndProject
Global
	GlobalSection(SolutionConfigurationPlatforms) = preSolution
		Debug|Any CPU = Debug|Any CPU
		Release|Any CPU = Release|Any CPU
	EndGlobalSection
	GlobalSection(ProjectConfigurationPlatforms) = postSolution
		{845F7F82-4048-49E2-ADC5-DB5FF1F63A21}.Debug|Any CPU.ActiveCfg = Debug|Any CPU
		{845F7F82-4048-49E2-ADC5-DB5FF1F63A21}.Debug|Any CPU.Build.0 = Debug|Any CPU
		{845F7F82-4048-49E2-ADC5-DB5FF1F63A21}.Release|Any CPU.ActiveCfg = Release|Any CPU
		{845F7F82-4048-49E2-ADC5-DB5FF1F63A21}.Release|Any CPU.Build.0 = Release|Any CPU
		{6C4D5901-3D77-4F35-8099-600E6941D426}.Debug|Any CPU.ActiveCfg = Debug|Any CPU
		{6C4D5901-3D77-4F35-8099-600E6941D426}.Debug|Any CPU.Build.0 = Debug|Any CPU
		{6C4D5901-3D77-4F35-8099-600E6941D426}.Release|Any CPU.ActiveCfg = Release|Any CPU
		{6C4D5901-3D77-4F35-8099-600E6941D426}.Release|Any CPU.Build.0 = Release|Any CPU
		{06229DAA-25D3-4C41-B9A7-49AD775C5D01}.Debug|Any CPU.ActiveCfg = Debug|Any CPU
		{06229DAA-25D3-4C41-B9A7-49AD775C5D01}.Debug|Any CPU.Build.0 = Debug|Any CPU
		{06229DAA-25D3-4C41-B9A7-49AD775C5D01}.Release|Any CPU.ActiveCfg = Release|Any CPU
		{06229DAA-25D3-4C41-B9A7-49AD775C5D01}.Release|Any CPU.Build.0 = Release|Any CPU
	EndGlobalSection
	GlobalSection(SolutionProperties) = preSolution
		HideSolutionNode = FALSE
	EndGlobalSection
	GlobalSection(ExtensibilityGlobals) = postSolution
		SolutionGuid = {8F99B48E-CB23-4D5C-8C74-223D514C059F}
	EndGlobalSection
EndGlobal
