
Microsoft Visual Studio Solution File, Format Version 12.00
# Visual Studio Version 17
VisualStudioVersion = 17.10.34928.147
MinimumVisualStudioVersion = 10.0.40219.1
Project("{FAE04EC0-301F-11D3-BF4B-00C04F79EFBC}") = "DapperCRUD(Fourteenth Day)", "DapperCRUD(Fourteenth Day)\DapperCRUD(Fourteenth Day).csproj", "{136AE0F6-B271-4DCA-A9F3-49C492C5E86D}"
EndProject
Project("{FAE04EC0-301F-11D3-BF4B-00C04F79EFBC}") = "DomainLayer", "DomainLayer\DomainLayer.csproj", "{73B5545D-EDD5-4283-AD85-6C39514B8E42}"
EndProject
Project("{FAE04EC0-301F-11D3-BF4B-00C04F79EFBC}") = "ApplicationLayer", "ApplicationLayer\ApplicationLayer.csproj", "{E814B5AD-293C-4117-8248-DEBC7143A2CA}"
EndProject
Project("{FAE04EC0-301F-11D3-BF4B-00C04F79EFBC}") = "InfrastructureLayer", "InfrastructureLayer\InfrastructureLayer.csproj", "{F6F0D855-2572-45F3-B9B4-BD311BEEC6E3}"
EndProject
Global
	GlobalSection(SolutionConfigurationPlatforms) = preSolution
		Debug|Any CPU = Debug|Any CPU
		Release|Any CPU = Release|Any CPU
	EndGlobalSection
	GlobalSection(ProjectConfigurationPlatforms) = postSolution
		{136AE0F6-B271-4DCA-A9F3-49C492C5E86D}.Debug|Any CPU.ActiveCfg = Debug|Any CPU
		{136AE0F6-B271-4DCA-A9F3-49C492C5E86D}.Debug|Any CPU.Build.0 = Debug|Any CPU
		{136AE0F6-B271-4DCA-A9F3-49C492C5E86D}.Release|Any CPU.ActiveCfg = Release|Any CPU
		{136AE0F6-B271-4DCA-A9F3-49C492C5E86D}.Release|Any CPU.Build.0 = Release|Any CPU
		{73B5545D-EDD5-4283-AD85-6C39514B8E42}.Debug|Any CPU.ActiveCfg = Debug|Any CPU
		{73B5545D-EDD5-4283-AD85-6C39514B8E42}.Debug|Any CPU.Build.0 = Debug|Any CPU
		{73B5545D-EDD5-4283-AD85-6C39514B8E42}.Release|Any CPU.ActiveCfg = Release|Any CPU
		{73B5545D-EDD5-4283-AD85-6C39514B8E42}.Release|Any CPU.Build.0 = Release|Any CPU
		{E814B5AD-293C-4117-8248-DEBC7143A2CA}.Debug|Any CPU.ActiveCfg = Debug|Any CPU
		{E814B5AD-293C-4117-8248-DEBC7143A2CA}.Debug|Any CPU.Build.0 = Debug|Any CPU
		{E814B5AD-293C-4117-8248-DEBC7143A2CA}.Release|Any CPU.ActiveCfg = Release|Any CPU
		{E814B5AD-293C-4117-8248-DEBC7143A2CA}.Release|Any CPU.Build.0 = Release|Any CPU
		{F6F0D855-2572-45F3-B9B4-BD311BEEC6E3}.Debug|Any CPU.ActiveCfg = Debug|Any CPU
		{F6F0D855-2572-45F3-B9B4-BD311BEEC6E3}.Debug|Any CPU.Build.0 = Debug|Any CPU
		{F6F0D855-2572-45F3-B9B4-BD311BEEC6E3}.Release|Any CPU.ActiveCfg = Release|Any CPU
		{F6F0D855-2572-45F3-B9B4-BD311BEEC6E3}.Release|Any CPU.Build.0 = Release|Any CPU
	EndGlobalSection
	GlobalSection(SolutionProperties) = preSolution
		HideSolutionNode = FALSE
	EndGlobalSection
	GlobalSection(ExtensibilityGlobals) = postSolution
		SolutionGuid = {FBFD77CC-B5CA-47D2-86FA-1D22B127B43D}
	EndGlobalSection
EndGlobal
