
Microsoft Visual Studio Solution File, Format Version 12.00
# Visual Studio Version 17
VisualStudioVersion = 17.10.34928.147
MinimumVisualStudioVersion = 10.0.40219.1
Project("{FAE04EC0-301F-11D3-BF4B-00C04F79EFBC}") = "CustomerCRUD", "CustomerCRUD\CustomerCRUD.csproj", "{EDC308CA-CD63-43EE-A669-079D6A1C78DF}"
EndProject
Global
	GlobalSection(SolutionConfigurationPlatforms) = preSolution
		Debug|Any CPU = Debug|Any CPU
		Release|Any CPU = Release|Any CPU
	EndGlobalSection
	GlobalSection(ProjectConfigurationPlatforms) = postSolution
		{EDC308CA-CD63-43EE-A669-079D6A1C78DF}.Debug|Any CPU.ActiveCfg = Debug|Any CPU
		{EDC308CA-CD63-43EE-A669-079D6A1C78DF}.Debug|Any CPU.Build.0 = Debug|Any CPU
		{EDC308CA-CD63-43EE-A669-079D6A1C78DF}.Release|Any CPU.ActiveCfg = Release|Any CPU
		{EDC308CA-CD63-43EE-A669-079D6A1C78DF}.Release|Any CPU.Build.0 = Release|Any CPU
	EndGlobalSection
	GlobalSection(SolutionProperties) = preSolution
		HideSolutionNode = FALSE
	EndGlobalSection
	GlobalSection(ExtensibilityGlobals) = postSolution
		SolutionGuid = {E443F10E-70C3-425B-AC8F-4AB404A7274B}
	EndGlobalSection
EndGlobal
