
Microsoft Visual Studio Solution File, Format Version 12.00
# Visual Studio Version 16
VisualStudioVersion = 16.0.30907.101
MinimumVisualStudioVersion = 10.0.40219.1
Project("{9A19103F-16F7-4668-BE54-9A1E7A4F7556}") = "SecondDay", "SecondDay\SecondDay.csproj", "{255E605A-6EC2-4440-9D29-77D48F1C1092}"
EndProject
Project("{FAE04EC0-301F-11D3-BF4B-00C04F79EFBC}") = "Assembly2", "Assembly2\Assembly2.csproj", "{F925B63B-6E87-4C4D-8A7F-67FC1D69E507}"
EndProject
Global
	GlobalSection(SolutionConfigurationPlatforms) = preSolution
		Debug|Any CPU = Debug|Any CPU
		Release|Any CPU = Release|Any CPU
	EndGlobalSection
	GlobalSection(ProjectConfigurationPlatforms) = postSolution
		{255E605A-6EC2-4440-9D29-77D48F1C1092}.Debug|Any CPU.ActiveCfg = Debug|Any CPU
		{255E605A-6EC2-4440-9D29-77D48F1C1092}.Debug|Any CPU.Build.0 = Debug|Any CPU
		{255E605A-6EC2-4440-9D29-77D48F1C1092}.Release|Any CPU.ActiveCfg = Release|Any CPU
		{255E605A-6EC2-4440-9D29-77D48F1C1092}.Release|Any CPU.Build.0 = Release|Any CPU
		{F925B63B-6E87-4C4D-8A7F-67FC1D69E507}.Debug|Any CPU.ActiveCfg = Debug|Any CPU
		{F925B63B-6E87-4C4D-8A7F-67FC1D69E507}.Debug|Any CPU.Build.0 = Debug|Any CPU
		{F925B63B-6E87-4C4D-8A7F-67FC1D69E507}.Release|Any CPU.ActiveCfg = Release|Any CPU
		{F925B63B-6E87-4C4D-8A7F-67FC1D69E507}.Release|Any CPU.Build.0 = Release|Any CPU
	EndGlobalSection
	GlobalSection(SolutionProperties) = preSolution
		HideSolutionNode = FALSE
	EndGlobalSection
	GlobalSection(ExtensibilityGlobals) = postSolution
		SolutionGuid = {706F62CF-AD95-40F8-9040-34012BA9B260}
	EndGlobalSection
EndGlobal
